
Microsoft Visual Studio Solution File, Format Version 12.00
# Visual Studio Version 17
VisualStudioVersion = 17.2.32616.157
MinimumVisualStudioVersion = 10.0.40219.1
Project("{13B669BE-BB05-4DDF-9536-439F39A36129}") = "Test_HomePage", "Test_HomePage.phpproj", "{BDA3EE0F-EAFF-42B0-8658-B887824EE6D8}"
EndProject
Global
	GlobalSection(SolutionConfigurationPlatforms) = preSolution
		Debug|Any CPU = Debug|Any CPU
		Release|Any CPU = Release|Any CPU
	EndGlobalSection
	GlobalSection(ProjectConfigurationPlatforms) = postSolution
		{BDA3EE0F-EAFF-42B0-8658-B887824EE6D8}.Debug|Any CPU.ActiveCfg = Debug|Any CPU
		{BDA3EE0F-EAFF-42B0-8658-B887824EE6D8}.Debug|Any CPU.Build.0 = Debug|Any CPU
		{BDA3EE0F-EAFF-42B0-8658-B887824EE6D8}.Release|Any CPU.ActiveCfg = Release|Any CPU
		{BDA3EE0F-EAFF-42B0-8658-B887824EE6D8}.Release|Any CPU.Build.0 = Release|Any CPU
	EndGlobalSection
	GlobalSection(SolutionProperties) = preSolution
		HideSolutionNode = FALSE
	EndGlobalSection
	GlobalSection(ExtensibilityGlobals) = postSolution
		SolutionGuid = {703A4DED-C914-43D8-80A1-D6EF14DFCA43}
	EndGlobalSection
EndGlobal
